
Microsoft Visual Studio Solution File, Format Version 12.00
# Visual Studio 15
VisualStudioVersion = 15.0.28307.960
MinimumVisualStudioVersion = 10.0.40219.1
Project("{9A19103F-16F7-4668-BE54-9A1E7A4F7556}") = "Zoom", "Zoom\Zoom.csproj", "{641CFDA2-4BB8-4797-90DB-F3DBBB231FF8}"
EndProject
Project("{FAE04EC0-301F-11D3-BF4B-00C04F79EFBC}") = "Zoom.Tests", "Zoom.Tests\Zoom.Tests.csproj", "{8DD3CA51-E52D-4925-AE03-901E3477E396}"
EndProject
Global
	GlobalSection(SolutionConfigurationPlatforms) = preSolution
		Debug|Any CPU = Debug|Any CPU
		Release|Any CPU = Release|Any CPU
	EndGlobalSection
	GlobalSection(ProjectConfigurationPlatforms) = postSolution
		{641CFDA2-4BB8-4797-90DB-F3DBBB231FF8}.Debug|Any CPU.ActiveCfg = Debug|Any CPU
		{641CFDA2-4BB8-4797-90DB-F3DBBB231FF8}.Debug|Any CPU.Build.0 = Debug|Any CPU
		{641CFDA2-4BB8-4797-90DB-F3DBBB231FF8}.Release|Any CPU.ActiveCfg = Release|Any CPU
		{641CFDA2-4BB8-4797-90DB-F3DBBB231FF8}.Release|Any CPU.Build.0 = Release|Any CPU
		{8DD3CA51-E52D-4925-AE03-901E3477E396}.Debug|Any CPU.ActiveCfg = Debug|Any CPU
		{8DD3CA51-E52D-4925-AE03-901E3477E396}.Debug|Any CPU.Build.0 = Debug|Any CPU
		{8DD3CA51-E52D-4925-AE03-901E3477E396}.Release|Any CPU.ActiveCfg = Release|Any CPU
		{8DD3CA51-E52D-4925-AE03-901E3477E396}.Release|Any CPU.Build.0 = Release|Any CPU
	EndGlobalSection
	GlobalSection(SolutionProperties) = preSolution
		HideSolutionNode = FALSE
	EndGlobalSection
	GlobalSection(ExtensibilityGlobals) = postSolution
		SolutionGuid = {3FBE7D49-9FDF-4BE9-ABA1-AFEF08A43685}
	EndGlobalSection
EndGlobal
